// !$*UTF8*$!
{
	archiveVersion = 1;
	classes = {
	};
	objectVersion = 50;
	objects = {

/* Begin PBXBuildFile section */
		A18C56C2260DB49F008B795B /* CardWarViewController.swift in Sources */ = {isa = PBXBuildFile; fileRef = A18C56C1260DB49F008B795B /* CardWarViewController.swift */; };
		A19C7E142609870C005BF87E /* AppDelegate.swift in Sources */ = {isa = PBXBuildFile; fileRef = A19C7E132609870C005BF87E /* AppDelegate.swift */; };
		A19C7E162609870C005BF87E /* SceneDelegate.swift in Sources */ = {isa = PBXBuildFile; fileRef = A19C7E152609870C005BF87E /* SceneDelegate.swift */; };
		A19C7E182609870C005BF87E /* ViewController.swift in Sources */ = {isa = PBXBuildFile; fileRef = A19C7E172609870C005BF87E /* ViewController.swift */; };
		A19C7E1B2609870C005BF87E /* Main.storyboard in Resources */ = {isa = PBXBuildFile; fileRef = A19C7E192609870C005BF87E /* Main.storyboard */; };
		A19C7E1D2609870E005BF87E /* Assets.xcassets in Resources */ = {isa = PBXBuildFile; fileRef = A19C7E1C2609870E005BF87E /* Assets.xcassets */; };
		A19C7E202609870E005BF87E /* LaunchScreen.storyboard in Resources */ = {isa = PBXBuildFile; fileRef = A19C7E1E2609870E005BF87E /* LaunchScreen.storyboard */; };
		A1EDAB0A2611AA52003475ED /* Main_iPad.storyboard in Resources */ = {isa = PBXBuildFile; fileRef = A1EDAB082611AA52003475ED /* Main_iPad.storyboard */; };
/* End PBXBuildFile section */

/* Begin PBXFileReference section */
		A18C56C1260DB49F008B795B /* CardWarViewController.swift */ = {isa = PBXFileReference; lastKnownFileType = sourcecode.swift; path = CardWarViewController.swift; sourceTree = "<group>"; };
		A19C7E102609870C005BF87E /* MyTrainApp.app */ = {isa = PBXFileReference; explicitFileType = wrapper.application; includeInIndex = 0; path = MyTrainApp.app; sourceTree = BUILT_PRODUCTS_DIR; };
		A19C7E132609870C005BF87E /* AppDelegate.swift */ = {isa = PBXFileReference; lastKnownFileType = sourcecode.swift; path = AppDelegate.swift; sourceTree = "<group>"; };
		A19C7E152609870C005BF87E /* SceneDelegate.swift */ = {isa = PBXFileReference; lastKnownFileType = sourcecode.swift; path = SceneDelegate.swift; sourceTree = "<group>"; };
		A19C7E172609870C005BF87E /* ViewController.swift */ = {isa = PBXFileReference; lastKnownFileType = sourcecode.swift; path = ViewController.swift; sourceTree = "<group>"; };
		A19C7E1A2609870C005BF87E /* Base */ = {isa = PBXFileReference; lastKnownFileType = file.storyboard; name = Base; path = Base.lproj/Main.storyboard; sourceTree = "<group>"; };
		A19C7E1C2609870E005BF87E /* Assets.xcassets */ = {isa = PBXFileReference; lastKnownFileType = folder.assetcatalog; path = Assets.xcassets; sourceTree = "<group>"; };
		A19C7E1F2609870E005BF87E /* Base */ = {isa = PBXFileReference; lastKnownFileType = file.storyboard; name = Base; path = Base.lproj/LaunchScreen.storyboard; sourceTree = "<group>"; };
		A19C7E212609870E005BF87E /* Info.plist */ = {isa = PBXFileReference; lastKnownFileType = text.plist.xml; path = Info.plist; sourceTree = "<group>"; };
		A1EDAB092611AA52003475ED /* Base */ = {isa = PBXFileReference; lastKnownFileType = file.storyboard; name = Base; path = Base.lproj/Main_iPad.storyboard; sourceTree = "<group>"; };
/* End PBXFileReference section */

/* Begin PBXFrameworksBuildPhase section */
		A19C7E0D2609870B005BF87E /* Frameworks */ = {
			isa = PBXFrameworksBuildPhase;
			buildActionMask = 2147483647;
			files = (
			);
			runOnlyForDeploymentPostprocessing = 0;
		};
/* End PBXFrameworksBuildPhase section */

/* Begin PBXGroup section */
		A19C7E072609870B005BF87E = {
			isa = PBXGroup;
			children = (
				A19C7E122609870C005BF87E /* MyTrainApp */,
				A19C7E112609870C005BF87E /* Products */,
			);
			sourceTree = "<group>";
		};
		A19C7E112609870C005BF87E /* Products */ = {
			isa = PBXGroup;
			children = (
				A19C7E102609870C005BF87E /* MyTrainApp.app */,
			);
			name = Products;
			sourceTree = "<group>";
		};
		A19C7E122609870C005BF87E /* MyTrainApp */ = {
			isa = PBXGroup;
			children = (
				A19C7E132609870C005BF87E /* AppDelegate.swift */,
				A19C7E152609870C005BF87E /* SceneDelegate.swift */,
				A19C7E172609870C005BF87E /* ViewController.swift */,
				A1EDAB082611AA52003475ED /* Main_iPad.storyboard */,
				A19C7E192609870C005BF87E /* Main.storyboard */,
				A19C7E1C2609870E005BF87E /* Assets.xcassets */,
				A19C7E1E2609870E005BF87E /* LaunchScreen.storyboard */,
				A19C7E212609870E005BF87E /* Info.plist */,
				A18C56C1260DB49F008B795B /* CardWarViewController.swift */,
			);
			path = MyTrainApp;
			sourceTree = "<group>";
		};
/* End PBXGroup section */

/* Begin PBXNativeTarget section */
		A19C7E0F2609870B005BF87E /* MyTrainApp */ = {
			isa = PBXNativeTarget;
			buildConfigurationList = A19C7E242609870E005BF87E /* Build configuration list for PBXNativeTarget "MyTrainApp" */;
			buildPhases = (
				A19C7E0C2609870B005BF87E /* Sources */,
				A19C7E0D2609870B005BF87E /* Frameworks */,
				A19C7E0E2609870B005BF87E /* Resources */,
			);
			buildRules = (
			);
			dependencies = (
			);
			name = MyTrainApp;
			productName = MyTrainApp;
			productReference = A19C7E102609870C005BF87E /* MyTrainApp.app */;
			productType = "com.apple.product-type.application";
		};
/* End PBXNativeTarget section */

/* Begin PBXProject section */
		A19C7E082609870B005BF87E /* Project object */ = {
			isa = PBXProject;
			attributes = {
				LastSwiftUpdateCheck = 1230;
				LastUpgradeCheck = 1230;
				TargetAttributes = {
					A19C7E0F2609870B005BF87E = {
						CreatedOnToolsVersion = 12.3;
					};
				};
			};
			buildConfigurationList = A19C7E0B2609870B005BF87E /* Build configuration list for PBXProject "MyTrainApp" */;
			compatibilityVersion = "Xcode 9.3";
			developmentRegion = en;
			hasScannedForEncodings = 0;
			knownRegions = (
				en,
				Base,
			);
			mainGroup = A19C7E072609870B005BF87E;
			productRefGroup = A19C7E112609870C005BF87E /* Products */;
			projectDirPath = "";
			projectRoot = "";
			targets = (
				A19C7E0F2609870B005BF87E /* MyTrainApp */,
			);
		};
/* End PBXProject section */

/* Begin PBXResourcesBuildPhase section */
		A19C7E0E2609870B005BF87E /* Resources */ = {
			isa = PBXResourcesBuildPhase;
			buildActionMask = 2147483647;
			files = (
				A19C7E202609870E005BF87E /* LaunchScreen.storyboard in Resources */,
				A1EDAB0A2611AA52003475ED /* Main_iPad.storyboard in Resources */,
				A19C7E1D2609870E005BF87E /* Assets.xcassets in Resources */,
				A19C7E1B2609870C005BF87E /* Main.storyboard in Resources */,
			);
			runOnlyForDeploymentPostprocessing = 0;
		};
/* End PBXResourcesBuildPhase section */

/* Begin PBXSourcesBuildPhase section */
		A19C7E0C2609870B005BF87E /* Sources */ = {
			isa = PBXSourcesBuildPhase;
			buildActionMask = 2147483647;
			files = (
				A19C7E182609870C005BF87E /* ViewController.swift in Sources */,
				A18C56C2260DB49F008B795B /* CardWarViewController.swift in Sources */,
				A19C7E142609870C005BF87E /* AppDelegate.swift in Sources */,
				A19C7E162609870C005BF87E /* SceneDelegate.swift in Sources */,
			);
			runOnlyForDeploymentPostprocessing = 0;
		};
/* End PBXSourcesBuildPhase section */

/* Begin PBXVariantGroup section */
		A19C7E192609870C005BF87E /* Main.storyboard */ = {
			isa = PBXVariantGroup;
			children = (
				A19C7E1A2609870C005BF87E /* Base */,
			);
			name = Main.storyboard;
			sourceTree = "<group>";
		};
		A19C7E1E2609870E005BF87E /* LaunchScreen.storyboard */ = {
			isa = PBXVariantGroup;
			children = (
				A19C7E1F2609870E005BF87E /* Base */,
			);
			name = LaunchScreen.storyboard;
			sourceTree = "<group>";
		};
		A1EDAB082611AA52003475ED /* Main_iPad.storyboard */ = {
			isa = PBXVariantGroup;
			children = (
				A1EDAB092611AA52003475ED /* Base */,
			);
			name = Main_iPad.storyboard;
			sourceTree = "<group>";
		};
/* End PBXVariantGroup section */

/* Begin XCBuildConfiguration section */
		A19C7E222609870E005BF87E /* Debug */ = {
			isa = XCBuildConfiguration;
			buildSettings = {
				ALWAYS_SEARCH_USER_PATHS = NO;
				CLANG_ANALYZER_NONNULL = YES;
				CLANG_ANALYZER_NUMBER_OBJECT_CONVERSION = YES_AGGRESSIVE;
				CLANG_CXX_LANGUAGE_STANDARD = "gnu++14";
				CLANG_CXX_LIBRARY = "libc++";
				CLANG_ENABLE_MODULES = YES;
				CLANG_ENABLE_OBJC_ARC = YES;
				CLANG_ENABLE_OBJC_WEAK = YES;
				CLANG_WARN_BLOCK_CAPTURE_AUTORELEASING = YES;
				CLANG_WARN_BOOL_CONVERSION = YES;
				CLANG_WARN_COMMA = YES;
				CLANG_WARN_CONSTANT_CONVERSION = YES;
				CLANG_WARN_DEPRECATED_OBJC_IMPLEMENTATIONS = YES;
				CLANG_WARN_DIRECT_OBJC_ISA_USAGE = YES_ERROR;
				CLANG_WARN_DOCUMENTATION_COMMENTS = YES;
				CLANG_WARN_EMPTY_BODY = YES;
				CLANG_WARN_ENUM_CONVERSION = YES;
				CLANG_WARN_INFINITE_RECURSION = YES;
				CLANG_WARN_INT_CONVERSION = YES;
				CLANG_WARN_NON_LITERAL_NULL_CONVERSION = YES;
				CLANG_WARN_OBJC_IMPLICIT_RETAIN_SELF = YES;
				CLANG_WARN_OBJC_LITERAL_CONVERSION = YES;
				CLANG_WARN_OBJC_ROOT_CLASS = YES_ERROR;
				CLANG_WARN_QUOTED_INCLUDE_IN_FRAMEWORK_HEADER = YES;
				CLANG_WARN_RANGE_LOOP_ANALYSIS = YES;
				CLANG_WARN_STRICT_PROTOTYPES = YES;
				CLANG_WARN_SUSPICIOUS_MOVE = YES;
				CLANG_WARN_UNGUARDED_AVAILABILITY = YES_AGGRESSIVE;
				CLANG_WARN_UNREACHABLE_CODE = YES;
				CLANG_WARN__DUPLICATE_METHOD_MATCH = YES;
				COPY_PHASE_STRIP = NO;
				DEBUG_INFORMATION_FORMAT = dwarf;
				ENABLE_STRICT_OBJC_MSGSEND = YES;
				ENABLE_TESTABILITY = YES;
				GCC_C_LANGUAGE_STANDARD = gnu11;
				GCC_DYNAMIC_NO_PIC = NO;
				GCC_NO_COMMON_BLOCKS = YES;
				GCC_OPTIMIZATION_LEVEL = 0;
				GCC_PREPROCESSOR_DEFINITIONS = (
					"DEBUG=1",
					"$(inherited)",
				);
				GCC_WARN_64_TO_32_BIT_CONVERSION = YES;
				GCC_WARN_ABOUT_RETURN_TYPE = YES_ERROR;
				GCC_WARN_UNDECLARED_SELECTOR = YES;
				GCC_WARN_UNINITIALIZED_AUTOS = YES_AGGRESSIVE;
				GCC_WARN_UNUSED_FUNCTION = YES;
				GCC_WARN_UNUSED_VARIABLE = YES;
				IPHONEOS_DEPLOYMENT_TARGET = 14.3;
				MTL_ENABLE_DEBUG_INFO = INCLUDE_SOURCE;
				MTL_FAST_MATH = YES;
				ONLY_ACTIVE_ARCH = YES;
				SDKROOT = iphoneos;
				SWIFT_ACTIVE_COMPILATION_CONDITIONS = DEBUG;
				SWIFT_OPTIMIZATION_LEVEL = "-Onone";
				TARGETED_DEVICE_FAMILY = "1,2";
			};
			name = Debug;
		};
		A19C7E232609870E005BF87E /* Release */ = {
			isa = XCBuildConfiguration;
			buildSettings = {
				ALWAYS_SEARCH_USER_PATHS = NO;
				CLANG_ANALYZER_NONNULL = YES;
				CLANG_ANALYZER_NUMBER_OBJECT_CONVERSION = YES_AGGRESSIVE;
				CLANG_CXX_LANGUAGE_STANDARD = "gnu++14";
				CLANG_CXX_LIBRARY = "libc++";
				CLANG_ENABLE_MODULES = YES;
				CLANG_ENABLE_OBJC_ARC = YES;
				CLANG_ENABLE_OBJC_WEAK = YES;
				CLANG_WARN_BLOCK_CAPTURE_AUTORELEASING = YES;
				CLANG_WARN_BOOL_CONVERSION = YES;
				CLANG_WARN_COMMA = YES;
				CLANG_WARN_CONSTANT_CONVERSION = YES;
				CLANG_WARN_DEPRECATED_OBJC_IMPLEMENTATIONS = YES;
				CLANG_WARN_DIRECT_OBJC_ISA_USAGE = YES_ERROR;
				CLANG_WARN_DOCUMENTATION_COMMENTS = YES;
				CLANG_WARN_EMPTY_BODY = YES;
				CLANG_WARN_ENUM_CONVERSION = YES;
				CLANG_WARN_INFINITE_RECURSION = YES;
				CLANG_WARN_INT_CONVERSION = YES;
				CLANG_WARN_NON_LITERAL_NULL_CONVERSION = YES;
				CLANG_WARN_OBJC_IMPLICIT_RETAIN_SELF = YES;
				CLANG_WARN_OBJC_LITERAL_CONVERSION = YES;
				CLANG_WARN_OBJC_ROOT_CLASS = YES_ERROR;
				CLANG_WARN_QUOTED_INCLUDE_IN_FRAMEWORK_HEADER = YES;
				CLANG_WARN_RANGE_LOOP_ANALYSIS = YES;
				CLANG_WARN_STRICT_PROTOTYPES = YES;
				CLANG_WARN_SUSPICIOUS_MOVE = YES;
				CLANG_WARN_UNGUARDED_AVAILABILITY = YES_AGGRESSIVE;
				CLANG_WARN_UNREACHABLE_CODE = YES;
				CLANG_WARN__DUPLICATE_METHOD_MATCH = YES;
				COPY_PHASE_STRIP = NO;
				DEBUG_INFORMATION_FORMAT = "dwarf-with-dsym";
				ENABLE_NS_ASSERTIONS = NO;
				ENABLE_STRICT_OBJC_MSGSEND = YES;
				GCC_C_LANGUAGE_STANDARD = gnu11;
				GCC_NO_COMMON_BLOCKS = YES;
				GCC_WARN_64_TO_32_BIT_CONVERSION = YES;
				GCC_WARN_ABOUT_RETURN_TYPE = YES_ERROR;
				GCC_WARN_UNDECLARED_SELECTOR = YES;
				GCC_WARN_UNINITIALIZED_AUTOS = YES_AGGRESSIVE;
				GCC_WARN_UNUSED_FUNCTION = YES;
				GCC_WARN_UNUSED_VARIABLE = YES;
				IPHONEOS_DEPLOYMENT_TARGET = 14.3;
				MTL_ENABLE_DEBUG_INFO = NO;
				MTL_FAST_MATH = YES;
				SDKROOT = iphoneos;
				SWIFT_COMPILATION_MODE = wholemodule;
				SWIFT_OPTIMIZATION_LEVEL = "-O";
				TARGETED_DEVICE_FAMILY = "1,2";
				VALIDATE_PRODUCT = YES;
			};
			name = Release;
		};
		A19C7E252609870E005BF87E /* Debug */ = {
			isa = XCBuildConfiguration;
			buildSettings = {
				ASSETCATALOG_COMPILER_APPICON_NAME = AppIcon;
				ASSETCATALOG_COMPILER_GLOBAL_ACCENT_COLOR_NAME = AccentColor;
				CODE_SIGN_STYLE = Automatic;
				DEVELOPMENT_TEAM = 8MT6648S3N;
				INFOPLIST_FILE = MyTrainApp/Info.plist;
				LD_RUNPATH_SEARCH_PATHS = (
					"$(inherited)",
					"@executable_path/Frameworks",
				);
				PRODUCT_BUNDLE_IDENTIFIER = net.connex.training.MyTrainApp;
				PRODUCT_NAME = "$(TARGET_NAME)";
				SWIFT_VERSION = 5.0;
				TARGETED_DEVICE_FAMILY = "1,2";
			};
			name = Debug;
		};
		A19C7E262609870E005BF87E /* Release */ = {
			isa = XCBuildConfiguration;
			buildSettings = {
				ASSETCATALOG_COMPILER_APPICON_NAME = AppIcon;
				ASSETCATALOG_COMPILER_GLOBAL_ACCENT_COLOR_NAME = AccentColor;
				CODE_SIGN_STYLE = Automatic;
				DEVELOPMENT_TEAM = 8MT6648S3N;
				INFOPLIST_FILE = MyTrainApp/Info.plist;
				LD_RUNPATH_SEARCH_PATHS = (
					"$(inherited)",
					"@executable_path/Frameworks",
				);
				PRODUCT_BUNDLE_IDENTIFIER = net.connex.training.MyTrainApp;
				PRODUCT_NAME = "$(TARGET_NAME)";
				SWIFT_VERSION = 5.0;
				TARGETED_DEVICE_FAMILY = "1,2";
			};
			name = Release;
		};
/* End XCBuildConfiguration section */

/* Begin XCConfigurationList section */
		A19C7E0B2609870B005BF87E /* Build configuration list for PBXProject "MyTrainApp" */ = {
			isa = XCConfigurationList;
			buildConfigurations = (
				A19C7E222609870E005BF87E /* Debug */,
				A19C7E232609870E005BF87E /* Release */,
			);
			defaultConfigurationIsVisible = 0;
			defaultConfigurationName = Release;
		};
		A19C7E242609870E005BF87E /* Build configuration list for PBXNativeTarget "MyTrainApp" */ = {
			isa = XCConfigurationList;
			buildConfigurations = (
				A19C7E252609870E005BF87E /* Debug */,
				A19C7E262609870E005BF87E /* Release */,
			);
			defaultConfigurationIsVisible = 0;
			defaultConfigurationName = Release;
		};
/* End XCConfigurationList section */
	};
	rootObject = A19C7E082609870B005BF87E /* Project object */;
}
